
Microsoft Visual Studio Solution File, Format Version 12.00
# Visual Studio Version 16
VisualStudioVersion = 16.0.31624.102
MinimumVisualStudioVersion = 10.0.40219.1
Project("{FAE04EC0-301F-11D3-BF4B-00C04F79EFBC}") = "Catalog_of_printers", "Catalog_of_printers.csproj", "{BB72A24A-3B62-4AD5-A902-C8310E6B7961}"
EndProject
Global
	GlobalSection(SolutionConfigurationPlatforms) = preSolution
		Debug|Any CPU = Debug|Any CPU
		Release|Any CPU = Release|Any CPU
	EndGlobalSection
	GlobalSection(ProjectConfigurationPlatforms) = postSolution
		{BB72A24A-3B62-4AD5-A902-C8310E6B7961}.Debug|Any CPU.ActiveCfg = Debug|Any CPU
		{BB72A24A-3B62-4AD5-A902-C8310E6B7961}.Debug|Any CPU.Build.0 = Debug|Any CPU
		{BB72A24A-3B62-4AD5-A902-C8310E6B7961}.Release|Any CPU.ActiveCfg = Release|Any CPU
		{BB72A24A-3B62-4AD5-A902-C8310E6B7961}.Release|Any CPU.Build.0 = Release|Any CPU
	EndGlobalSection
	GlobalSection(SolutionProperties) = preSolution
		HideSolutionNode = FALSE
	EndGlobalSection
	GlobalSection(ExtensibilityGlobals) = postSolution
		SolutionGuid = {BA69F9BE-6F71-4A49-8C56-CC1A99EA05BA}
	EndGlobalSection
EndGlobal
